// !$*UTF8*$!
{
	archiveVersion = 1;
	classes = {
	};
	objectVersion = 46;
	objects = {

/* Begin PBXBuildFile section */
		515DBC2FEF8FB931103C2A81 /* libPods-RecrutamentoMovile.a in Frameworks */ = {isa = PBXBuildFile; fileRef = E9E98458FC0264ED49D50154 /* libPods-RecrutamentoMovile.a */; };
		87D4D2A51B436FCD0056DD7F /* main.m in Sources */ = {isa = PBXBuildFile; fileRef = 87D4D2A41B436FCD0056DD7F /* main.m */; };
		87D4D2A81B436FCD0056DD7F /* AppDelegate.m in Sources */ = {isa = PBXBuildFile; fileRef = 87D4D2A71B436FCD0056DD7F /* AppDelegate.m */; };
		87D4D2AB1B436FCD0056DD7F /* ViewController.m in Sources */ = {isa = PBXBuildFile; fileRef = 87D4D2AA1B436FCD0056DD7F /* ViewController.m */; };
		87D4D2AE1B436FCD0056DD7F /* Main.storyboard in Resources */ = {isa = PBXBuildFile; fileRef = 87D4D2AC1B436FCD0056DD7F /* Main.storyboard */; };
		87D4D2B01B436FCD0056DD7F /* Images.xcassets in Resources */ = {isa = PBXBuildFile; fileRef = 87D4D2AF1B436FCD0056DD7F /* Images.xcassets */; };
		87D4D2B31B436FCD0056DD7F /* LaunchScreen.xib in Resources */ = {isa = PBXBuildFile; fileRef = 87D4D2B11B436FCD0056DD7F /* LaunchScreen.xib */; };
		87D4D2BF1B436FCD0056DD7F /* RecrutamentoMovileTests.m in Sources */ = {isa = PBXBuildFile; fileRef = 87D4D2BE1B436FCD0056DD7F /* RecrutamentoMovileTests.m */; };
		87D4D2CB1B4374E50056DD7F /* TracktWS.m in Sources */ = {isa = PBXBuildFile; fileRef = 87D4D2CA1B4374E50056DD7F /* TracktWS.m */; };
		87D4D2D21B4376520056DD7F /* TVShowVO.swift in Sources */ = {isa = PBXBuildFile; fileRef = 87D4D2D11B4376520056DD7F /* TVShowVO.swift */; };
		87D4D2D61B4377870056DD7F /* TVShowCell.m in Sources */ = {isa = PBXBuildFile; fileRef = 87D4D2D51B4377870056DD7F /* TVShowCell.m */; };
		87D4D2DA1B43836E0056DD7F /* BaseViewController.m in Sources */ = {isa = PBXBuildFile; fileRef = 87D4D2D91B43836E0056DD7F /* BaseViewController.m */; };
/* End PBXBuildFile section */

/* Begin PBXContainerItemProxy section */
		87D4D2B91B436FCD0056DD7F /* PBXContainerItemProxy */ = {
			isa = PBXContainerItemProxy;
			containerPortal = 87D4D2971B436FCD0056DD7F /* Project object */;
			proxyType = 1;
			remoteGlobalIDString = 87D4D29E1B436FCD0056DD7F;
			remoteInfo = RecrutamentoMovile;
		};
/* End PBXContainerItemProxy section */

/* Begin PBXFileReference section */
		37959341C89F47EA88EA15B0 /* Pods-RecrutamentoMovile.debug.xcconfig */ = {isa = PBXFileReference; includeInIndex = 1; lastKnownFileType = text.xcconfig; name = "Pods-RecrutamentoMovile.debug.xcconfig"; path = "Pods/Target Support Files/Pods-RecrutamentoMovile/Pods-RecrutamentoMovile.debug.xcconfig"; sourceTree = "<group>"; };
		3D1982F75019CFB77F48EF66 /* Pods-RecrutamentoMovile.release.xcconfig */ = {isa = PBXFileReference; includeInIndex = 1; lastKnownFileType = text.xcconfig; name = "Pods-RecrutamentoMovile.release.xcconfig"; path = "Pods/Target Support Files/Pods-RecrutamentoMovile/Pods-RecrutamentoMovile.release.xcconfig"; sourceTree = "<group>"; };
		87D4D29F1B436FCD0056DD7F /* RecrutamentoMovile.app */ = {isa = PBXFileReference; explicitFileType = wrapper.application; includeInIndex = 0; path = RecrutamentoMovile.app; sourceTree = BUILT_PRODUCTS_DIR; };
		87D4D2A31B436FCD0056DD7F /* Info.plist */ = {isa = PBXFileReference; lastKnownFileType = text.plist.xml; path = Info.plist; sourceTree = "<group>"; };
		87D4D2A41B436FCD0056DD7F /* main.m */ = {isa = PBXFileReference; lastKnownFileType = sourcecode.c.objc; path = main.m; sourceTree = "<group>"; };
		87D4D2A61B436FCD0056DD7F /* AppDelegate.h */ = {isa = PBXFileReference; lastKnownFileType = sourcecode.c.h; path = AppDelegate.h; sourceTree = "<group>"; };
		87D4D2A71B436FCD0056DD7F /* AppDelegate.m */ = {isa = PBXFileReference; lastKnownFileType = sourcecode.c.objc; path = AppDelegate.m; sourceTree = "<group>"; };
		87D4D2A91B436FCD0056DD7F /* ViewController.h */ = {isa = PBXFileReference; lastKnownFileType = sourcecode.c.h; path = ViewController.h; sourceTree = "<group>"; };
		87D4D2AA1B436FCD0056DD7F /* ViewController.m */ = {isa = PBXFileReference; lastKnownFileType = sourcecode.c.objc; path = ViewController.m; sourceTree = "<group>"; };
		87D4D2AD1B436FCD0056DD7F /* Base */ = {isa = PBXFileReference; lastKnownFileType = file.storyboard; name = Base; path = Base.lproj/Main.storyboard; sourceTree = "<group>"; };
		87D4D2AF1B436FCD0056DD7F /* Images.xcassets */ = {isa = PBXFileReference; lastKnownFileType = folder.assetcatalog; path = Images.xcassets; sourceTree = "<group>"; };
		87D4D2B21B436FCD0056DD7F /* Base */ = {isa = PBXFileReference; lastKnownFileType = file.xib; name = Base; path = Base.lproj/LaunchScreen.xib; sourceTree = "<group>"; };
		87D4D2B81B436FCD0056DD7F /* RecrutamentoMovileTests.xctest */ = {isa = PBXFileReference; explicitFileType = wrapper.cfbundle; includeInIndex = 0; path = RecrutamentoMovileTests.xctest; sourceTree = BUILT_PRODUCTS_DIR; };
		87D4D2BD1B436FCD0056DD7F /* Info.plist */ = {isa = PBXFileReference; lastKnownFileType = text.plist.xml; path = Info.plist; sourceTree = "<group>"; };
		87D4D2BE1B436FCD0056DD7F /* RecrutamentoMovileTests.m */ = {isa = PBXFileReference; lastKnownFileType = sourcecode.c.objc; path = RecrutamentoMovileTests.m; sourceTree = "<group>"; };
		87D4D2C91B4374E50056DD7F /* TracktWS.h */ = {isa = PBXFileReference; fileEncoding = 4; lastKnownFileType = sourcecode.c.h; name = TracktWS.h; path = WS/TracktWS.h; sourceTree = "<group>"; };
		87D4D2CA1B4374E50056DD7F /* TracktWS.m */ = {isa = PBXFileReference; fileEncoding = 4; lastKnownFileType = sourcecode.c.objc; name = TracktWS.m; path = WS/TracktWS.m; sourceTree = "<group>"; };
		87D4D2D01B4376510056DD7F /* RecrutamentoMovile-Bridging-Header.h */ = {isa = PBXFileReference; lastKnownFileType = sourcecode.c.h; path = "RecrutamentoMovile-Bridging-Header.h"; sourceTree = "<group>"; };
		87D4D2D11B4376520056DD7F /* TVShowVO.swift */ = {isa = PBXFileReference; fileEncoding = 4; lastKnownFileType = sourcecode.swift; name = TVShowVO.swift; path = VO/TVShowVO.swift; sourceTree = "<group>"; };
		87D4D2D41B4377870056DD7F /* TVShowCell.h */ = {isa = PBXFileReference; fileEncoding = 4; lastKnownFileType = sourcecode.c.h; name = TVShowCell.h; path = CustomCells/TVShowCell.h; sourceTree = "<group>"; };
		87D4D2D51B4377870056DD7F /* TVShowCell.m */ = {isa = PBXFileReference; fileEncoding = 4; lastKnownFileType = sourcecode.c.objc; name = TVShowCell.m; path = CustomCells/TVShowCell.m; sourceTree = "<group>"; };
		87D4D2D81B43836E0056DD7F /* BaseViewController.h */ = {isa = PBXFileReference; fileEncoding = 4; lastKnownFileType = sourcecode.c.h; name = BaseViewController.h; path = ViewControllers/BaseViewController.h; sourceTree = "<group>"; };
		87D4D2D91B43836E0056DD7F /* BaseViewController.m */ = {isa = PBXFileReference; fileEncoding = 4; lastKnownFileType = sourcecode.c.objc; name = BaseViewController.m; path = ViewControllers/BaseViewController.m; sourceTree = "<group>"; };
		E9E98458FC0264ED49D50154 /* libPods-RecrutamentoMovile.a */ = {isa = PBXFileReference; explicitFileType = archive.ar; includeInIndex = 0; path = "libPods-RecrutamentoMovile.a"; sourceTree = BUILT_PRODUCTS_DIR; };
/* End PBXFileReference section */

/* Begin PBXFrameworksBuildPhase section */
		87D4D29C1B436FCD0056DD7F /* Frameworks */ = {
			isa = PBXFrameworksBuildPhase;
			buildActionMask = 2147483647;
			files = (
				515DBC2FEF8FB931103C2A81 /* libPods-RecrutamentoMovile.a in Frameworks */,
			);
			runOnlyForDeploymentPostprocessing = 0;
		};
		87D4D2B51B436FCD0056DD7F /* Frameworks */ = {
			isa = PBXFrameworksBuildPhase;
			buildActionMask = 2147483647;
			files = (
			);
			runOnlyForDeploymentPostprocessing = 0;
		};
/* End PBXFrameworksBuildPhase section */

/* Begin PBXGroup section */
		32C7E03A6AF9C39256756274 /* Pods */ = {
			isa = PBXGroup;
			children = (
				37959341C89F47EA88EA15B0 /* Pods-RecrutamentoMovile.debug.xcconfig */,
				3D1982F75019CFB77F48EF66 /* Pods-RecrutamentoMovile.release.xcconfig */,
			);
			name = Pods;
			sourceTree = "<group>";
		};
		87D4D2961B436FCD0056DD7F = {
			isa = PBXGroup;
			children = (
				87D4D2A11B436FCD0056DD7F /* RecrutamentoMovile */,
				87D4D2BB1B436FCD0056DD7F /* RecrutamentoMovileTests */,
				87D4D2A01B436FCD0056DD7F /* Products */,
				32C7E03A6AF9C39256756274 /* Pods */,
				A75B52700DAB2B6EB2702CE0 /* Frameworks */,
			);
			sourceTree = "<group>";
		};
		87D4D2A01B436FCD0056DD7F /* Products */ = {
			isa = PBXGroup;
			children = (
				87D4D29F1B436FCD0056DD7F /* RecrutamentoMovile.app */,
				87D4D2B81B436FCD0056DD7F /* RecrutamentoMovileTests.xctest */,
			);
			name = Products;
			sourceTree = "<group>";
		};
		87D4D2A11B436FCD0056DD7F /* RecrutamentoMovile */ = {
			isa = PBXGroup;
			children = (
				87D4D2A61B436FCD0056DD7F /* AppDelegate.h */,
				87D4D2A71B436FCD0056DD7F /* AppDelegate.m */,
				87D4D2C81B4371530056DD7F /* ViewControllers */,
				87D4D2AC1B436FCD0056DD7F /* Main.storyboard */,
				87D4D2AF1B436FCD0056DD7F /* Images.xcassets */,
				87D4D2B11B436FCD0056DD7F /* LaunchScreen.xib */,
				87D4D2A21B436FCD0056DD7F /* Supporting Files */,
				87D4D2CC1B4374ED0056DD7F /* WS */,
				87D4D2D31B43765B0056DD7F /* VO */,
				87D4D2D01B4376510056DD7F /* RecrutamentoMovile-Bridging-Header.h */,
				87D4D2D71B43778D0056DD7F /* CustomCell */,
			);
			path = RecrutamentoMovile;
			sourceTree = "<group>";
		};
		87D4D2A21B436FCD0056DD7F /* Supporting Files */ = {
			isa = PBXGroup;
			children = (
				87D4D2A31B436FCD0056DD7F /* Info.plist */,
				87D4D2A41B436FCD0056DD7F /* main.m */,
			);
			name = "Supporting Files";
			sourceTree = "<group>";
		};
		87D4D2BB1B436FCD0056DD7F /* RecrutamentoMovileTests */ = {
			isa = PBXGroup;
			children = (
				87D4D2BE1B436FCD0056DD7F /* RecrutamentoMovileTests.m */,
				87D4D2BC1B436FCD0056DD7F /* Supporting Files */,
			);
			path = RecrutamentoMovileTests;
			sourceTree = "<group>";
		};
		87D4D2BC1B436FCD0056DD7F /* Supporting Files */ = {
			isa = PBXGroup;
			children = (
				87D4D2BD1B436FCD0056DD7F /* Info.plist */,
			);
			name = "Supporting Files";
			sourceTree = "<group>";
		};
		87D4D2C81B4371530056DD7F /* ViewControllers */ = {
			isa = PBXGroup;
			children = (
				87D4D2A91B436FCD0056DD7F /* ViewController.h */,
				87D4D2AA1B436FCD0056DD7F /* ViewController.m */,
				87D4D2D81B43836E0056DD7F /* BaseViewController.h */,
				87D4D2D91B43836E0056DD7F /* BaseViewController.m */,
			);
			name = ViewControllers;
			sourceTree = "<group>";
		};
		87D4D2CC1B4374ED0056DD7F /* WS */ = {
			isa = PBXGroup;
			children = (
				87D4D2C91B4374E50056DD7F /* TracktWS.h */,
				87D4D2CA1B4374E50056DD7F /* TracktWS.m */,
			);
			name = WS;
			sourceTree = "<group>";
		};
		87D4D2D31B43765B0056DD7F /* VO */ = {
			isa = PBXGroup;
			children = (
				87D4D2D11B4376520056DD7F /* TVShowVO.swift */,
			);
			name = VO;
			sourceTree = "<group>";
		};
		87D4D2D71B43778D0056DD7F /* CustomCell */ = {
			isa = PBXGroup;
			children = (
				87D4D2D41B4377870056DD7F /* TVShowCell.h */,
				87D4D2D51B4377870056DD7F /* TVShowCell.m */,
			);
			name = CustomCell;
			sourceTree = "<group>";
		};
		A75B52700DAB2B6EB2702CE0 /* Frameworks */ = {
			isa = PBXGroup;
			children = (
				E9E98458FC0264ED49D50154 /* libPods-RecrutamentoMovile.a */,
			);
			name = Frameworks;
			sourceTree = "<group>";
		};
/* End PBXGroup section */

/* Begin PBXNativeTarget section */
		87D4D29E1B436FCD0056DD7F /* RecrutamentoMovile */ = {
			isa = PBXNativeTarget;
			buildConfigurationList = 87D4D2C21B436FCD0056DD7F /* Build configuration list for PBXNativeTarget "RecrutamentoMovile" */;
			buildPhases = (
				12D1D671362873481FE260C9 /* Check Pods Manifest.lock */,
				87D4D29B1B436FCD0056DD7F /* Sources */,
				87D4D29C1B436FCD0056DD7F /* Frameworks */,
				87D4D29D1B436FCD0056DD7F /* Resources */,
				E15A0F14AB83D75C3B5DBCDC /* Copy Pods Resources */,
			);
			buildRules = (
			);
			dependencies = (
			);
			name = RecrutamentoMovile;
			productName = RecrutamentoMovile;
			productReference = 87D4D29F1B436FCD0056DD7F /* RecrutamentoMovile.app */;
			productType = "com.apple.product-type.application";
		};
		87D4D2B71B436FCD0056DD7F /* RecrutamentoMovileTests */ = {
			isa = PBXNativeTarget;
			buildConfigurationList = 87D4D2C51B436FCD0056DD7F /* Build configuration list for PBXNativeTarget "RecrutamentoMovileTests" */;
			buildPhases = (
				87D4D2B41B436FCD0056DD7F /* Sources */,
				87D4D2B51B436FCD0056DD7F /* Frameworks */,
				87D4D2B61B436FCD0056DD7F /* Resources */,
			);
			buildRules = (
			);
			dependencies = (
				87D4D2BA1B436FCD0056DD7F /* PBXTargetDependency */,
			);
			name = RecrutamentoMovileTests;
			productName = RecrutamentoMovileTests;
			productReference = 87D4D2B81B436FCD0056DD7F /* RecrutamentoMovileTests.xctest */;
			productType = "com.apple.product-type.bundle.unit-test";
		};
/* End PBXNativeTarget section */

/* Begin PBXProject section */
		87D4D2971B436FCD0056DD7F /* Project object */ = {
			isa = PBXProject;
			attributes = {
				LastUpgradeCheck = 0630;
				ORGANIZATIONNAME = "Alessandro dos Santos Pinto";
				TargetAttributes = {
					87D4D29E1B436FCD0056DD7F = {
						CreatedOnToolsVersion = 6.3.2;
					};
					87D4D2B71B436FCD0056DD7F = {
						CreatedOnToolsVersion = 6.3.2;
						TestTargetID = 87D4D29E1B436FCD0056DD7F;
					};
				};
			};
			buildConfigurationList = 87D4D29A1B436FCD0056DD7F /* Build configuration list for PBXProject "RecrutamentoMovile" */;
			compatibilityVersion = "Xcode 3.2";
			developmentRegion = English;
			hasScannedForEncodings = 0;
			knownRegions = (
				en,
				Base,
			);
			mainGroup = 87D4D2961B436FCD0056DD7F;
			productRefGroup = 87D4D2A01B436FCD0056DD7F /* Products */;
			projectDirPath = "";
			projectRoot = "";
			targets = (
				87D4D29E1B436FCD0056DD7F /* RecrutamentoMovile */,
				87D4D2B71B436FCD0056DD7F /* RecrutamentoMovileTests */,
			);
		};
/* End PBXProject section */

/* Begin PBXResourcesBuildPhase section */
		87D4D29D1B436FCD0056DD7F /* Resources */ = {
			isa = PBXResourcesBuildPhase;
			buildActionMask = 2147483647;
			files = (
				87D4D2AE1B436FCD0056DD7F /* Main.storyboard in Resources */,
				87D4D2B31B436FCD0056DD7F /* LaunchScreen.xib in Resources */,
				87D4D2B01B436FCD0056DD7F /* Images.xcassets in Resources */,
			);
			runOnlyForDeploymentPostprocessing = 0;
		};
		87D4D2B61B436FCD0056DD7F /* Resources */ = {
			isa = PBXResourcesBuildPhase;
			buildActionMask = 2147483647;
			files = (
			);
			runOnlyForDeploymentPostprocessing = 0;
		};
/* End PBXResourcesBuildPhase section */

/* Begin PBXShellScriptBuildPhase section */
		12D1D671362873481FE260C9 /* Check Pods Manifest.lock */ = {
			isa = PBXShellScriptBuildPhase;
			buildActionMask = 2147483647;
			files = (
			);
			inputPaths = (
			);
			name = "Check Pods Manifest.lock";
			outputPaths = (
			);
			runOnlyForDeploymentPostprocessing = 0;
			shellPath = /bin/sh;
			shellScript = "diff \"${PODS_ROOT}/../Podfile.lock\" \"${PODS_ROOT}/Manifest.lock\" > /dev/null\nif [[ $? != 0 ]] ; then\n    cat << EOM\nerror: The sandbox is not in sync with the Podfile.lock. Run 'pod install' or update your CocoaPods installation.\nEOM\n    exit 1\nfi\n";
			showEnvVarsInLog = 0;
		};
		E15A0F14AB83D75C3B5DBCDC /* Copy Pods Resources */ = {
			isa = PBXShellScriptBuildPhase;
			buildActionMask = 2147483647;
			files = (
			);
			inputPaths = (
			);
			name = "Copy Pods Resources";
			outputPaths = (
			);
			runOnlyForDeploymentPostprocessing = 0;
			shellPath = /bin/sh;
			shellScript = "\"${SRCROOT}/Pods/Target Support Files/Pods-RecrutamentoMovile/Pods-RecrutamentoMovile-resources.sh\"\n";
			showEnvVarsInLog = 0;
		};
/* End PBXShellScriptBuildPhase section */

/* Begin PBXSourcesBuildPhase section */
		87D4D29B1B436FCD0056DD7F /* Sources */ = {
			isa = PBXSourcesBuildPhase;
			buildActionMask = 2147483647;
			files = (
				87D4D2CB1B4374E50056DD7F /* TracktWS.m in Sources */,
				87D4D2AB1B436FCD0056DD7F /* ViewController.m in Sources */,
				87D4D2D61B4377870056DD7F /* TVShowCell.m in Sources */,
				87D4D2D21B4376520056DD7F /* TVShowVO.swift in Sources */,
				87D4D2A81B436FCD0056DD7F /* AppDelegate.m in Sources */,
				87D4D2DA1B43836E0056DD7F /* BaseViewController.m in Sources */,
				87D4D2A51B436FCD0056DD7F /* main.m in Sources */,
			);
			runOnlyForDeploymentPostprocessing = 0;
		};
		87D4D2B41B436FCD0056DD7F /* Sources */ = {
			isa = PBXSourcesBuildPhase;
			buildActionMask = 2147483647;
			files = (
				87D4D2BF1B436FCD0056DD7F /* RecrutamentoMovileTests.m in Sources */,
			);
			runOnlyForDeploymentPostprocessing = 0;
		};
/* End PBXSourcesBuildPhase section */

/* Begin PBXTargetDependency section */
		87D4D2BA1B436FCD0056DD7F /* PBXTargetDependency */ = {
			isa = PBXTargetDependency;
			target = 87D4D29E1B436FCD0056DD7F /* RecrutamentoMovile */;
			targetProxy = 87D4D2B91B436FCD0056DD7F /* PBXContainerItemProxy */;
		};
/* End PBXTargetDependency section */

/* Begin PBXVariantGroup section */
		87D4D2AC1B436FCD0056DD7F /* Main.storyboard */ = {
			isa = PBXVariantGroup;
			children = (
				87D4D2AD1B436FCD0056DD7F /* Base */,
			);
			name = Main.storyboard;
			sourceTree = "<group>";
		};
		87D4D2B11B436FCD0056DD7F /* LaunchScreen.xib */ = {
			isa = PBXVariantGroup;
			children = (
				87D4D2B21B436FCD0056DD7F /* Base */,
			);
			name = LaunchScreen.xib;
			sourceTree = "<group>";
		};
/* End PBXVariantGroup section */

/* Begin XCBuildConfiguration section */
		87D4D2C01B436FCD0056DD7F /* Debug */ = {
			isa = XCBuildConfiguration;
			buildSettings = {
				ALWAYS_SEARCH_USER_PATHS = NO;
				CLANG_CXX_LANGUAGE_STANDARD = "gnu++0x";
				CLANG_CXX_LIBRARY = "libc++";
				CLANG_ENABLE_MODULES = YES;
				CLANG_ENABLE_OBJC_ARC = YES;
				CLANG_WARN_BOOL_CONVERSION = YES;
				CLANG_WARN_CONSTANT_CONVERSION = YES;
				CLANG_WARN_DIRECT_OBJC_ISA_USAGE = YES_ERROR;
				CLANG_WARN_EMPTY_BODY = YES;
				CLANG_WARN_ENUM_CONVERSION = YES;
				CLANG_WARN_INT_CONVERSION = YES;
				CLANG_WARN_OBJC_ROOT_CLASS = YES_ERROR;
				CLANG_WARN_UNREACHABLE_CODE = YES;
				CLANG_WARN__DUPLICATE_METHOD_MATCH = YES;
				"CODE_SIGN_IDENTITY[sdk=iphoneos*]" = "iPhone Developer";
				COPY_PHASE_STRIP = NO;
				DEBUG_INFORMATION_FORMAT = "dwarf-with-dsym";
				ENABLE_STRICT_OBJC_MSGSEND = YES;
				GCC_C_LANGUAGE_STANDARD = gnu99;
				GCC_DYNAMIC_NO_PIC = NO;
				GCC_NO_COMMON_BLOCKS = YES;
				GCC_OPTIMIZATION_LEVEL = 0;
				GCC_PREPROCESSOR_DEFINITIONS = (
					"DEBUG=1",
					"$(inherited)",
				);
				GCC_SYMBOLS_PRIVATE_EXTERN = NO;
				GCC_WARN_64_TO_32_BIT_CONVERSION = YES;
				GCC_WARN_ABOUT_RETURN_TYPE = YES_ERROR;
				GCC_WARN_UNDECLARED_SELECTOR = YES;
				GCC_WARN_UNINITIALIZED_AUTOS = YES_AGGRESSIVE;
				GCC_WARN_UNUSED_FUNCTION = YES;
				GCC_WARN_UNUSED_VARIABLE = YES;
				IPHONEOS_DEPLOYMENT_TARGET = 8.3;
				MTL_ENABLE_DEBUG_INFO = YES;
				ONLY_ACTIVE_ARCH = YES;
				SDKROOT = iphoneos;
			};
			name = Debug;
		};
		87D4D2C11B436FCD0056DD7F /* Release */ = {
			isa = XCBuildConfiguration;
			buildSettings = {
				ALWAYS_SEARCH_USER_PATHS = NO;
				CLANG_CXX_LANGUAGE_STANDARD = "gnu++0x";
				CLANG_CXX_LIBRARY = "libc++";
				CLANG_ENABLE_MODULES = YES;
				CLANG_ENABLE_OBJC_ARC = YES;
				CLANG_WARN_BOOL_CONVERSION = YES;
				CLANG_WARN_CONSTANT_CONVERSION = YES;
				CLANG_WARN_DIRECT_OBJC_ISA_USAGE = YES_ERROR;
				CLANG_WARN_EMPTY_BODY = YES;
				CLANG_WARN_ENUM_CONVERSION = YES;
				CLANG_WARN_INT_CONVERSION = YES;
				CLANG_WARN_OBJC_ROOT_CLASS = YES_ERROR;
				CLANG_WARN_UNREACHABLE_CODE = YES;
				CLANG_WARN__DUPLICATE_METHOD_MATCH = YES;
				"CODE_SIGN_IDENTITY[sdk=iphoneos*]" = "iPhone Developer";
				COPY_PHASE_STRIP = NO;
				DEBUG_INFORMATION_FORMAT = "dwarf-with-dsym";
				ENABLE_NS_ASSERTIONS = NO;
				ENABLE_STRICT_OBJC_MSGSEND = YES;
				GCC_C_LANGUAGE_STANDARD = gnu99;
				GCC_NO_COMMON_BLOCKS = YES;
				GCC_WARN_64_TO_32_BIT_CONVERSION = YES;
				GCC_WARN_ABOUT_RETURN_TYPE = YES_ERROR;
				GCC_WARN_UNDECLARED_SELECTOR = YES;
				GCC_WARN_UNINITIALIZED_AUTOS = YES_AGGRESSIVE;
				GCC_WARN_UNUSED_FUNCTION = YES;
				GCC_WARN_UNUSED_VARIABLE = YES;
				IPHONEOS_DEPLOYMENT_TARGET = 8.3;
				MTL_ENABLE_DEBUG_INFO = NO;
				SDKROOT = iphoneos;
				VALIDATE_PRODUCT = YES;
			};
			name = Release;
		};
		87D4D2C31B436FCD0056DD7F /* Debug */ = {
			isa = XCBuildConfiguration;
			baseConfigurationReference = 37959341C89F47EA88EA15B0 /* Pods-RecrutamentoMovile.debug.xcconfig */;
			buildSettings = {
				ASSETCATALOG_COMPILER_APPICON_NAME = AppIcon;
				CLANG_ENABLE_MODULES = YES;
				INFOPLIST_FILE = RecrutamentoMovile/Info.plist;
				LD_RUNPATH_SEARCH_PATHS = "$(inherited) @executable_path/Frameworks";
				PRODUCT_NAME = "$(TARGET_NAME)";
				SWIFT_OBJC_BRIDGING_HEADER = "RecrutamentoMovile/RecrutamentoMovile-Bridging-Header.h";
				SWIFT_OPTIMIZATION_LEVEL = "-Onone";
			};
			name = Debug;
		};
		87D4D2C41B436FCD0056DD7F /* Release */ = {
			isa = XCBuildConfiguration;
			baseConfigurationReference = 3D1982F75019CFB77F48EF66 /* Pods-RecrutamentoMovile.release.xcconfig */;
			buildSettings = {
				ASSETCATALOG_COMPILER_APPICON_NAME = AppIcon;
				CLANG_ENABLE_MODULES = YES;
				INFOPLIST_FILE = RecrutamentoMovile/Info.plist;
				LD_RUNPATH_SEARCH_PATHS = "$(inherited) @executable_path/Frameworks";
				PRODUCT_NAME = "$(TARGET_NAME)";
				SWIFT_OBJC_BRIDGING_HEADER = "RecrutamentoMovile/RecrutamentoMovile-Bridging-Header.h";
			};
			name = Release;
		};
		87D4D2C61B436FCD0056DD7F /* Debug */ = {
			isa = XCBuildConfiguration;
			buildSettings = {
				BUNDLE_LOADER = "$(TEST_HOST)";
				FRAMEWORK_SEARCH_PATHS = (
					"$(SDKROOT)/Developer/Library/Frameworks",
					"$(inherited)",
				);
				GCC_PREPROCESSOR_DEFINITIONS = (
					"DEBUG=1",
					"$(inherited)",
				);
				INFOPLIST_FILE = RecrutamentoMovileTests/Info.plist;
				LD_RUNPATH_SEARCH_PATHS = "$(inherited) @executable_path/Frameworks @loader_path/Frameworks";
				PRODUCT_NAME = "$(TARGET_NAME)";
				TEST_HOST = "$(BUILT_PRODUCTS_DIR)/RecrutamentoMovile.app/RecrutamentoMovile";
			};
			name = Debug;
		};
		87D4D2C71B436FCD0056DD7F /* Release */ = {
			isa = XCBuildConfiguration;
			buildSettings = {
				BUNDLE_LOADER = "$(TEST_HOST)";
				FRAMEWORK_SEARCH_PATHS = (
					"$(SDKROOT)/Developer/Library/Frameworks",
					"$(inherited)",
				);
				INFOPLIST_FILE = RecrutamentoMovileTests/Info.plist;
				LD_RUNPATH_SEARCH_PATHS = "$(inherited) @executable_path/Frameworks @loader_path/Frameworks";
				PRODUCT_NAME = "$(TARGET_NAME)";
				TEST_HOST = "$(BUILT_PRODUCTS_DIR)/RecrutamentoMovile.app/RecrutamentoMovile";
			};
			name = Release;
		};
/* End XCBuildConfiguration section */

/* Begin XCConfigurationList section */
		87D4D29A1B436FCD0056DD7F /* Build configuration list for PBXProject "RecrutamentoMovile" */ = {
			isa = XCConfigurationList;
			buildConfigurations = (
				87D4D2C01B436FCD0056DD7F /* Debug */,
				87D4D2C11B436FCD0056DD7F /* Release */,
			);
			defaultConfigurationIsVisible = 0;
			defaultConfigurationName = Release;
		};
		87D4D2C21B436FCD0056DD7F /* Build configuration list for PBXNativeTarget "RecrutamentoMovile" */ = {
			isa = XCConfigurationList;
			buildConfigurations = (
				87D4D2C31B436FCD0056DD7F /* Debug */,
				87D4D2C41B436FCD0056DD7F /* Release */,
			);
			defaultConfigurationIsVisible = 0;
			defaultConfigurationName = Release;
		};
		87D4D2C51B436FCD0056DD7F /* Build configuration list for PBXNativeTarget "RecrutamentoMovileTests" */ = {
			isa = XCConfigurationList;
			buildConfigurations = (
				87D4D2C61B436FCD0056DD7F /* Debug */,
				87D4D2C71B436FCD0056DD7F /* Release */,
			);
			defaultConfigurationIsVisible = 0;
			defaultConfigurationName = Release;
		};
/* End XCConfigurationList section */
	};
	rootObject = 87D4D2971B436FCD0056DD7F /* Project object */;
}
